
Microsoft Visual Studio Solution File, Format Version 12.00
# Visual Studio 14
VisualStudioVersion = 14.0.24720.0
MinimumVisualStudioVersion = 10.0.40219.1
Project("{2150E333-8FDC-42A3-9474-1A3956D46DE8}") = "src", "src", "{313675BD-6712-4BC4-B4E2-049103A33F5C}"
EndProject
Project("{2150E333-8FDC-42A3-9474-1A3956D46DE8}") = "Solution Items", "Solution Items", "{1F933158-C217-4255-9CFB-C58FDE4275F7}"
	ProjectSection(SolutionItems) = preProject
		global.json = global.json
	EndProjectSection
EndProject
Project("{8BB2217D-0F2D-49D1-97BC-3654ED321F3B}") = "WebApplication2", "src\WebApplication2\WebApplication2.xproj", "{7C6719E1-180C-4E33-98C3-F1D99479BE5B}"
EndProject
Global
	GlobalSection(SolutionConfigurationPlatforms) = preSolution
		Debug|Any CPU = Debug|Any CPU
		Release|Any CPU = Release|Any CPU
	EndGlobalSection
	GlobalSection(ProjectConfigurationPlatforms) = postSolution
		{7C6719E1-180C-4E33-98C3-F1D99479BE5B}.Debug|Any CPU.ActiveCfg = Debug|Any CPU
		{7C6719E1-180C-4E33-98C3-F1D99479BE5B}.Debug|Any CPU.Build.0 = Debug|Any CPU
		{7C6719E1-180C-4E33-98C3-F1D99479BE5B}.Release|Any CPU.ActiveCfg = Release|Any CPU
		{7C6719E1-180C-4E33-98C3-F1D99479BE5B}.Release|Any CPU.Build.0 = Release|Any CPU
	EndGlobalSection
	GlobalSection(SolutionProperties) = preSolution
		HideSolutionNode = FALSE
	EndGlobalSection
	GlobalSection(NestedProjects) = preSolution
		{7C6719E1-180C-4E33-98C3-F1D99479BE5B} = {313675BD-6712-4BC4-B4E2-049103A33F5C}
	EndGlobalSection
EndGlobal
